
Microsoft Visual Studio Solution File, Format Version 12.00
# Visual Studio Version 16
VisualStudioVersion = 16.0.31005.135
MinimumVisualStudioVersion = 10.0.40219.1
Project("{FAE04EC0-301F-11D3-BF4B-00C04F79EFBC}") = "ClsWrkDelegate", "ClsWrkDelegate.csproj", "{1A8FC3C4-6872-40D3-BDB0-340FB4CB1C56}"
EndProject
Global
	GlobalSection(SolutionConfigurationPlatforms) = preSolution
		Debug|Any CPU = Debug|Any CPU
		Release|Any CPU = Release|Any CPU
	EndGlobalSection
	GlobalSection(ProjectConfigurationPlatforms) = postSolution
		{1A8FC3C4-6872-40D3-BDB0-340FB4CB1C56}.Debug|Any CPU.ActiveCfg = Debug|Any CPU
		{1A8FC3C4-6872-40D3-BDB0-340FB4CB1C56}.Debug|Any CPU.Build.0 = Debug|Any CPU
		{1A8FC3C4-6872-40D3-BDB0-340FB4CB1C56}.Release|Any CPU.ActiveCfg = Release|Any CPU
		{1A8FC3C4-6872-40D3-BDB0-340FB4CB1C56}.Release|Any CPU.Build.0 = Release|Any CPU
	EndGlobalSection
	GlobalSection(SolutionProperties) = preSolution
		HideSolutionNode = FALSE
	EndGlobalSection
	GlobalSection(ExtensibilityGlobals) = postSolution
		SolutionGuid = {77118FF6-199F-45F8-8C0B-A06D2715ADC7}
	EndGlobalSection
EndGlobal
